
Microsoft Visual Studio Solution File, Format Version 12.00
# Visual Studio Version 16
VisualStudioVersion = 25.0.1706.14
MinimumVisualStudioVersion = 10.0.40219.1
Project("{FAE04EC0-301F-11D3-BF4B-00C04F79EFBC}") = "Ezequiel_Movies", "Ezequiel_Movies.csproj", "{D2E055B0-811F-4AF8-BF3E-88809EC48276}"
EndProject
Global
	GlobalSection(SolutionConfigurationPlatforms) = preSolution
		Debug|Any CPU = Debug|Any CPU
		Release|Any CPU = Release|Any CPU
	EndGlobalSection
	GlobalSection(ProjectConfigurationPlatforms) = postSolution
		{D2E055B0-811F-4AF8-BF3E-88809EC48276}.Debug|Any CPU.ActiveCfg = Debug|Any CPU
		{D2E055B0-811F-4AF8-BF3E-88809EC48276}.Debug|Any CPU.Build.0 = Debug|Any CPU
		{D2E055B0-811F-4AF8-BF3E-88809EC48276}.Release|Any CPU.ActiveCfg = Release|Any CPU
		{D2E055B0-811F-4AF8-BF3E-88809EC48276}.Release|Any CPU.Build.0 = Release|Any CPU
	EndGlobalSection
	GlobalSection(SolutionProperties) = preSolution
		HideSolutionNode = FALSE
	EndGlobalSection
	GlobalSection(ExtensibilityGlobals) = postSolution
		SolutionGuid = {4F71A6D5-3B6F-4B1C-A687-FCF3A4B42B7C}
	EndGlobalSection
EndGlobal
