
Microsoft Visual Studio Solution File, Format Version 12.00
# Visual Studio Version 16
VisualStudioVersion = 25.0.1706.14
MinimumVisualStudioVersion = 10.0.40219.1
Project("{FAE04EC0-301F-11D3-BF4B-00C04F79EFBC}") = "Ezequiel _Movies", "Ezequiel _Movies.csproj", "{20108308-C78A-4A20-B1BC-05653515A556}"
EndProject
Global
	GlobalSection(SolutionConfigurationPlatforms) = preSolution
		Debug|Any CPU = Debug|Any CPU
		Release|Any CPU = Release|Any CPU
	EndGlobalSection
	GlobalSection(ProjectConfigurationPlatforms) = postSolution
		{20108308-C78A-4A20-B1BC-05653515A556}.Debug|Any CPU.ActiveCfg = Debug|Any CPU
		{20108308-C78A-4A20-B1BC-05653515A556}.Debug|Any CPU.Build.0 = Debug|Any CPU
		{20108308-C78A-4A20-B1BC-05653515A556}.Release|Any CPU.ActiveCfg = Release|Any CPU
		{20108308-C78A-4A20-B1BC-05653515A556}.Release|Any CPU.Build.0 = Release|Any CPU
	EndGlobalSection
	GlobalSection(SolutionProperties) = preSolution
		HideSolutionNode = FALSE
	EndGlobalSection
	GlobalSection(ExtensibilityGlobals) = postSolution
		SolutionGuid = {79BCD4FE-0AEF-4A80-A6ED-886B0ECD98B3}
	EndGlobalSection
EndGlobal
