
Microsoft Visual Studio Solution File, Format Version 12.00
# Visual Studio Version 16
VisualStudioVersion = 25.0.1706.14
MinimumVisualStudioVersion = 10.0.40219.1
Project("{FAE04EC0-301F-11D3-BF4B-00C04F79EFBC}") = "Movies", "Movies.csproj", "{E1ED85DD-75E2-423A-912E-129195B0745E}"
EndProject
Global
	GlobalSection(SolutionConfigurationPlatforms) = preSolution
		Debug|Any CPU = Debug|Any CPU
		Release|Any CPU = Release|Any CPU
	EndGlobalSection
	GlobalSection(ProjectConfigurationPlatforms) = postSolution
		{E1ED85DD-75E2-423A-912E-129195B0745E}.Debug|Any CPU.ActiveCfg = Debug|Any CPU
		{E1ED85DD-75E2-423A-912E-129195B0745E}.Debug|Any CPU.Build.0 = Debug|Any CPU
		{E1ED85DD-75E2-423A-912E-129195B0745E}.Release|Any CPU.ActiveCfg = Release|Any CPU
		{E1ED85DD-75E2-423A-912E-129195B0745E}.Release|Any CPU.Build.0 = Release|Any CPU
	EndGlobalSection
	GlobalSection(SolutionProperties) = preSolution
		HideSolutionNode = FALSE
	EndGlobalSection
	GlobalSection(ExtensibilityGlobals) = postSolution
		SolutionGuid = {64D42B39-F937-4406-A1A8-B0E205307D3B}
	EndGlobalSection
EndGlobal
